// !$*UTF8*$!
{
	archiveVersion = 1;
	classes = {
	};
	objectVersion = 48;
	objects = {

/* Begin PBXBuildFile section */
		940622051FF1342D0071DFCA /* DetailsViewController.swift in Sources */ = {isa = PBXBuildFile; fileRef = 940622041FF1342D0071DFCA /* DetailsViewController.swift */; };
		945C81B11FEFFEDC006B45A3 /* AppDelegate.swift in Sources */ = {isa = PBXBuildFile; fileRef = 945C81B01FEFFEDC006B45A3 /* AppDelegate.swift */; };
		945C81B31FEFFEDC006B45A3 /* PostViewController.swift in Sources */ = {isa = PBXBuildFile; fileRef = 945C81B21FEFFEDC006B45A3 /* PostViewController.swift */; };
		945C81B61FEFFEDC006B45A3 /* Main.storyboard in Resources */ = {isa = PBXBuildFile; fileRef = 945C81B41FEFFEDC006B45A3 /* Main.storyboard */; };
		945C81B81FEFFEDC006B45A3 /* Assets.xcassets in Resources */ = {isa = PBXBuildFile; fileRef = 945C81B71FEFFEDC006B45A3 /* Assets.xcassets */; };
		945C81BB1FEFFEDC006B45A3 /* LaunchScreen.storyboard in Resources */ = {isa = PBXBuildFile; fileRef = 945C81B91FEFFEDC006B45A3 /* LaunchScreen.storyboard */; };
		945C81C41FEFFFA8006B45A3 /* Post.swift in Sources */ = {isa = PBXBuildFile; fileRef = 945C81C31FEFFFA8006B45A3 /* Post.swift */; };
		945C81C71FF00D6D006B45A3 /* PostCell.swift in Sources */ = {isa = PBXBuildFile; fileRef = 945C81C61FF00D6D006B45A3 /* PostCell.swift */; };
		945C81CA1FF0139E006B45A3 /* AddPostVC.swift in Sources */ = {isa = PBXBuildFile; fileRef = 945C81C91FF0139E006B45A3 /* AddPostVC.swift */; };
		9464E63B1FF0852D0024B382 /* DataService.swift in Sources */ = {isa = PBXBuildFile; fileRef = 9464E63A1FF0852D0024B382 /* DataService.swift */; };
/* End PBXBuildFile section */

/* Begin PBXFileReference section */
		940622041FF1342D0071DFCA /* DetailsViewController.swift */ = {isa = PBXFileReference; lastKnownFileType = sourcecode.swift; path = DetailsViewController.swift; sourceTree = "<group>"; };
		945C81AD1FEFFEDC006B45A3 /* MyHood.app */ = {isa = PBXFileReference; explicitFileType = wrapper.application; includeInIndex = 0; path = MyHood.app; sourceTree = BUILT_PRODUCTS_DIR; };
		945C81B01FEFFEDC006B45A3 /* AppDelegate.swift */ = {isa = PBXFileReference; lastKnownFileType = sourcecode.swift; path = AppDelegate.swift; sourceTree = "<group>"; };
		945C81B21FEFFEDC006B45A3 /* PostViewController.swift */ = {isa = PBXFileReference; lastKnownFileType = sourcecode.swift; path = PostViewController.swift; sourceTree = "<group>"; };
		945C81B51FEFFEDC006B45A3 /* Base */ = {isa = PBXFileReference; lastKnownFileType = file.storyboard; name = Base; path = Base.lproj/Main.storyboard; sourceTree = "<group>"; };
		945C81B71FEFFEDC006B45A3 /* Assets.xcassets */ = {isa = PBXFileReference; lastKnownFileType = folder.assetcatalog; path = Assets.xcassets; sourceTree = "<group>"; };
		945C81BA1FEFFEDC006B45A3 /* Base */ = {isa = PBXFileReference; lastKnownFileType = file.storyboard; name = Base; path = Base.lproj/LaunchScreen.storyboard; sourceTree = "<group>"; };
		945C81BC1FEFFEDC006B45A3 /* Info.plist */ = {isa = PBXFileReference; lastKnownFileType = text.plist.xml; path = Info.plist; sourceTree = "<group>"; };
		945C81C31FEFFFA8006B45A3 /* Post.swift */ = {isa = PBXFileReference; lastKnownFileType = sourcecode.swift; path = Post.swift; sourceTree = "<group>"; };
		945C81C61FF00D6D006B45A3 /* PostCell.swift */ = {isa = PBXFileReference; lastKnownFileType = sourcecode.swift; path = PostCell.swift; sourceTree = "<group>"; };
		945C81C91FF0139E006B45A3 /* AddPostVC.swift */ = {isa = PBXFileReference; lastKnownFileType = sourcecode.swift; path = AddPostVC.swift; sourceTree = "<group>"; };
		9464E63A1FF0852D0024B382 /* DataService.swift */ = {isa = PBXFileReference; lastKnownFileType = sourcecode.swift; path = DataService.swift; sourceTree = "<group>"; };
/* End PBXFileReference section */

/* Begin PBXFrameworksBuildPhase section */
		945C81AA1FEFFEDC006B45A3 /* Frameworks */ = {
			isa = PBXFrameworksBuildPhase;
			buildActionMask = 2147483647;
			files = (
			);
			runOnlyForDeploymentPostprocessing = 0;
		};
/* End PBXFrameworksBuildPhase section */

/* Begin PBXGroup section */
		940621FF1FF133790071DFCA /* AddPost */ = {
			isa = PBXGroup;
			children = (
				945C81C81FF01365006B45A3 /* Controller */,
				945C81C51FF00D40006B45A3 /* View */,
			);
			path = AddPost;
			sourceTree = "<group>";
		};
		940622001FF133BE0071DFCA /* PostsList */ = {
			isa = PBXGroup;
			children = (
				940622011FF133C70071DFCA /* Conroller */,
			);
			path = PostsList;
			sourceTree = "<group>";
		};
		940622011FF133C70071DFCA /* Conroller */ = {
			isa = PBXGroup;
			children = (
				945C81B21FEFFEDC006B45A3 /* PostViewController.swift */,
			);
			path = Conroller;
			sourceTree = "<group>";
		};
		940622021FF133EA0071DFCA /* Details */ = {
			isa = PBXGroup;
			children = (
				940622031FF134120071DFCA /* Controller */,
			);
			path = Details;
			sourceTree = "<group>";
		};
		940622031FF134120071DFCA /* Controller */ = {
			isa = PBXGroup;
			children = (
				940622041FF1342D0071DFCA /* DetailsViewController.swift */,
			);
			path = Controller;
			sourceTree = "<group>";
		};
		945C81A41FEFFEDC006B45A3 = {
			isa = PBXGroup;
			children = (
				945C81AF1FEFFEDC006B45A3 /* MyHood */,
				945C81AE1FEFFEDC006B45A3 /* Products */,
			);
			sourceTree = "<group>";
		};
		945C81AE1FEFFEDC006B45A3 /* Products */ = {
			isa = PBXGroup;
			children = (
				945C81AD1FEFFEDC006B45A3 /* MyHood.app */,
			);
			name = Products;
			sourceTree = "<group>";
		};
		945C81AF1FEFFEDC006B45A3 /* MyHood */ = {
			isa = PBXGroup;
			children = (
				940622021FF133EA0071DFCA /* Details */,
				940622001FF133BE0071DFCA /* PostsList */,
				945C81C21FEFFF83006B45A3 /* Model */,
				9464E6391FF0851A0024B382 /* DataService */,
				940621FF1FF133790071DFCA /* AddPost */,
				945C81B01FEFFEDC006B45A3 /* AppDelegate.swift */,
				945C81B41FEFFEDC006B45A3 /* Main.storyboard */,
				945C81B71FEFFEDC006B45A3 /* Assets.xcassets */,
				945C81B91FEFFEDC006B45A3 /* LaunchScreen.storyboard */,
				945C81BC1FEFFEDC006B45A3 /* Info.plist */,
			);
			path = MyHood;
			sourceTree = "<group>";
		};
		945C81C21FEFFF83006B45A3 /* Model */ = {
			isa = PBXGroup;
			children = (
				945C81C31FEFFFA8006B45A3 /* Post.swift */,
			);
			path = Model;
			sourceTree = "<group>";
		};
		945C81C51FF00D40006B45A3 /* View */ = {
			isa = PBXGroup;
			children = (
				945C81C61FF00D6D006B45A3 /* PostCell.swift */,
			);
			path = View;
			sourceTree = "<group>";
		};
		945C81C81FF01365006B45A3 /* Controller */ = {
			isa = PBXGroup;
			children = (
				945C81C91FF0139E006B45A3 /* AddPostVC.swift */,
			);
			path = Controller;
			sourceTree = "<group>";
		};
		9464E6391FF0851A0024B382 /* DataService */ = {
			isa = PBXGroup;
			children = (
				9464E63A1FF0852D0024B382 /* DataService.swift */,
			);
			path = DataService;
			sourceTree = "<group>";
		};
/* End PBXGroup section */

/* Begin PBXNativeTarget section */
		945C81AC1FEFFEDC006B45A3 /* MyHood */ = {
			isa = PBXNativeTarget;
			buildConfigurationList = 945C81BF1FEFFEDC006B45A3 /* Build configuration list for PBXNativeTarget "MyHood" */;
			buildPhases = (
				945C81A91FEFFEDC006B45A3 /* Sources */,
				945C81AA1FEFFEDC006B45A3 /* Frameworks */,
				945C81AB1FEFFEDC006B45A3 /* Resources */,
			);
			buildRules = (
			);
			dependencies = (
			);
			name = MyHood;
			productName = MyHood;
			productReference = 945C81AD1FEFFEDC006B45A3 /* MyHood.app */;
			productType = "com.apple.product-type.application";
		};
/* End PBXNativeTarget section */

/* Begin PBXProject section */
		945C81A51FEFFEDC006B45A3 /* Project object */ = {
			isa = PBXProject;
			attributes = {
				LastSwiftUpdateCheck = 0900;
				LastUpgradeCheck = 0900;
				ORGANIZATIONNAME = "Roman Subrychak";
				TargetAttributes = {
					945C81AC1FEFFEDC006B45A3 = {
						CreatedOnToolsVersion = 9.0.1;
						ProvisioningStyle = Automatic;
					};
				};
			};
			buildConfigurationList = 945C81A81FEFFEDC006B45A3 /* Build configuration list for PBXProject "MyHood" */;
			compatibilityVersion = "Xcode 8.0";
			developmentRegion = en;
			hasScannedForEncodings = 0;
			knownRegions = (
				en,
				Base,
			);
			mainGroup = 945C81A41FEFFEDC006B45A3;
			productRefGroup = 945C81AE1FEFFEDC006B45A3 /* Products */;
			projectDirPath = "";
			projectRoot = "";
			targets = (
				945C81AC1FEFFEDC006B45A3 /* MyHood */,
			);
		};
/* End PBXProject section */

/* Begin PBXResourcesBuildPhase section */
		945C81AB1FEFFEDC006B45A3 /* Resources */ = {
			isa = PBXResourcesBuildPhase;
			buildActionMask = 2147483647;
			files = (
				945C81BB1FEFFEDC006B45A3 /* LaunchScreen.storyboard in Resources */,
				945C81B81FEFFEDC006B45A3 /* Assets.xcassets in Resources */,
				945C81B61FEFFEDC006B45A3 /* Main.storyboard in Resources */,
			);
			runOnlyForDeploymentPostprocessing = 0;
		};
/* End PBXResourcesBuildPhase section */

/* Begin PBXSourcesBuildPhase section */
		945C81A91FEFFEDC006B45A3 /* Sources */ = {
			isa = PBXSourcesBuildPhase;
			buildActionMask = 2147483647;
			files = (
				945C81C41FEFFFA8006B45A3 /* Post.swift in Sources */,
				945C81B31FEFFEDC006B45A3 /* PostViewController.swift in Sources */,
				945C81CA1FF0139E006B45A3 /* AddPostVC.swift in Sources */,
				9464E63B1FF0852D0024B382 /* DataService.swift in Sources */,
				940622051FF1342D0071DFCA /* DetailsViewController.swift in Sources */,
				945C81B11FEFFEDC006B45A3 /* AppDelegate.swift in Sources */,
				945C81C71FF00D6D006B45A3 /* PostCell.swift in Sources */,
			);
			runOnlyForDeploymentPostprocessing = 0;
		};
/* End PBXSourcesBuildPhase section */

/* Begin PBXVariantGroup section */
		945C81B41FEFFEDC006B45A3 /* Main.storyboard */ = {
			isa = PBXVariantGroup;
			children = (
				945C81B51FEFFEDC006B45A3 /* Base */,
			);
			name = Main.storyboard;
			sourceTree = "<group>";
		};
		945C81B91FEFFEDC006B45A3 /* LaunchScreen.storyboard */ = {
			isa = PBXVariantGroup;
			children = (
				945C81BA1FEFFEDC006B45A3 /* Base */,
			);
			name = LaunchScreen.storyboard;
			sourceTree = "<group>";
		};
/* End PBXVariantGroup section */

/* Begin XCBuildConfiguration section */
		945C81BD1FEFFEDC006B45A3 /* Debug */ = {
			isa = XCBuildConfiguration;
			buildSettings = {
				ALWAYS_SEARCH_USER_PATHS = NO;
				CLANG_ANALYZER_NONNULL = YES;
				CLANG_ANALYZER_NUMBER_OBJECT_CONVERSION = YES_AGGRESSIVE;
				CLANG_CXX_LANGUAGE_STANDARD = "gnu++14";
				CLANG_CXX_LIBRARY = "libc++";
				CLANG_ENABLE_MODULES = YES;
				CLANG_ENABLE_OBJC_ARC = YES;
				CLANG_WARN_BLOCK_CAPTURE_AUTORELEASING = YES;
				CLANG_WARN_BOOL_CONVERSION = YES;
				CLANG_WARN_COMMA = YES;
				CLANG_WARN_CONSTANT_CONVERSION = YES;
				CLANG_WARN_DIRECT_OBJC_ISA_USAGE = YES_ERROR;
				CLANG_WARN_DOCUMENTATION_COMMENTS = YES;
				CLANG_WARN_EMPTY_BODY = YES;
				CLANG_WARN_ENUM_CONVERSION = YES;
				CLANG_WARN_INFINITE_RECURSION = YES;
				CLANG_WARN_INT_CONVERSION = YES;
				CLANG_WARN_NON_LITERAL_NULL_CONVERSION = YES;
				CLANG_WARN_OBJC_LITERAL_CONVERSION = YES;
				CLANG_WARN_OBJC_ROOT_CLASS = YES_ERROR;
				CLANG_WARN_RANGE_LOOP_ANALYSIS = YES;
				CLANG_WARN_STRICT_PROTOTYPES = YES;
				CLANG_WARN_SUSPICIOUS_MOVE = YES;
				CLANG_WARN_UNGUARDED_AVAILABILITY = YES_AGGRESSIVE;
				CLANG_WARN_UNREACHABLE_CODE = YES;
				CLANG_WARN__DUPLICATE_METHOD_MATCH = YES;
				CODE_SIGN_IDENTITY = "iPhone Developer";
				COPY_PHASE_STRIP = NO;
				DEBUG_INFORMATION_FORMAT = dwarf;
				ENABLE_STRICT_OBJC_MSGSEND = YES;
				ENABLE_TESTABILITY = YES;
				GCC_C_LANGUAGE_STANDARD = gnu11;
				GCC_DYNAMIC_NO_PIC = NO;
				GCC_NO_COMMON_BLOCKS = YES;
				GCC_OPTIMIZATION_LEVEL = 0;
				GCC_PREPROCESSOR_DEFINITIONS = (
					"DEBUG=1",
					"$(inherited)",
				);
				GCC_WARN_64_TO_32_BIT_CONVERSION = YES;
				GCC_WARN_ABOUT_RETURN_TYPE = YES_ERROR;
				GCC_WARN_UNDECLARED_SELECTOR = YES;
				GCC_WARN_UNINITIALIZED_AUTOS = YES_AGGRESSIVE;
				GCC_WARN_UNUSED_FUNCTION = YES;
				GCC_WARN_UNUSED_VARIABLE = YES;
				IPHONEOS_DEPLOYMENT_TARGET = 11.2;
				MTL_ENABLE_DEBUG_INFO = YES;
				ONLY_ACTIVE_ARCH = YES;
				SDKROOT = iphoneos;
				SWIFT_ACTIVE_COMPILATION_CONDITIONS = DEBUG;
				SWIFT_OPTIMIZATION_LEVEL = "-Onone";
			};
			name = Debug;
		};
		945C81BE1FEFFEDC006B45A3 /* Release */ = {
			isa = XCBuildConfiguration;
			buildSettings = {
				ALWAYS_SEARCH_USER_PATHS = NO;
				CLANG_ANALYZER_NONNULL = YES;
				CLANG_ANALYZER_NUMBER_OBJECT_CONVERSION = YES_AGGRESSIVE;
				CLANG_CXX_LANGUAGE_STANDARD = "gnu++14";
				CLANG_CXX_LIBRARY = "libc++";
				CLANG_ENABLE_MODULES = YES;
				CLANG_ENABLE_OBJC_ARC = YES;
				CLANG_WARN_BLOCK_CAPTURE_AUTORELEASING = YES;
				CLANG_WARN_BOOL_CONVERSION = YES;
				CLANG_WARN_COMMA = YES;
				CLANG_WARN_CONSTANT_CONVERSION = YES;
				CLANG_WARN_DIRECT_OBJC_ISA_USAGE = YES_ERROR;
				CLANG_WARN_DOCUMENTATION_COMMENTS = YES;
				CLANG_WARN_EMPTY_BODY = YES;
				CLANG_WARN_ENUM_CONVERSION = YES;
				CLANG_WARN_INFINITE_RECURSION = YES;
				CLANG_WARN_INT_CONVERSION = YES;
				CLANG_WARN_NON_LITERAL_NULL_CONVERSION = YES;
				CLANG_WARN_OBJC_LITERAL_CONVERSION = YES;
				CLANG_WARN_OBJC_ROOT_CLASS = YES_ERROR;
				CLANG_WARN_RANGE_LOOP_ANALYSIS = YES;
				CLANG_WARN_STRICT_PROTOTYPES = YES;
				CLANG_WARN_SUSPICIOUS_MOVE = YES;
				CLANG_WARN_UNGUARDED_AVAILABILITY = YES_AGGRESSIVE;
				CLANG_WARN_UNREACHABLE_CODE = YES;
				CLANG_WARN__DUPLICATE_METHOD_MATCH = YES;
				CODE_SIGN_IDENTITY = "iPhone Developer";
				COPY_PHASE_STRIP = NO;
				DEBUG_INFORMATION_FORMAT = "dwarf-with-dsym";
				ENABLE_NS_ASSERTIONS = NO;
				ENABLE_STRICT_OBJC_MSGSEND = YES;
				GCC_C_LANGUAGE_STANDARD = gnu11;
				GCC_NO_COMMON_BLOCKS = YES;
				GCC_WARN_64_TO_32_BIT_CONVERSION = YES;
				GCC_WARN_ABOUT_RETURN_TYPE = YES_ERROR;
				GCC_WARN_UNDECLARED_SELECTOR = YES;
				GCC_WARN_UNINITIALIZED_AUTOS = YES_AGGRESSIVE;
				GCC_WARN_UNUSED_FUNCTION = YES;
				GCC_WARN_UNUSED_VARIABLE = YES;
				IPHONEOS_DEPLOYMENT_TARGET = 11.2;
				MTL_ENABLE_DEBUG_INFO = NO;
				SDKROOT = iphoneos;
				SWIFT_OPTIMIZATION_LEVEL = "-Owholemodule";
				VALIDATE_PRODUCT = YES;
			};
			name = Release;
		};
		945C81C01FEFFEDC006B45A3 /* Debug */ = {
			isa = XCBuildConfiguration;
			buildSettings = {
				ASSETCATALOG_COMPILER_APPICON_NAME = AppIcon;
				CODE_SIGN_STYLE = Automatic;
				DEVELOPMENT_TEAM = 238S5T6M6S;
				INFOPLIST_FILE = MyHood/Info.plist;
				LD_RUNPATH_SEARCH_PATHS = "$(inherited) @executable_path/Frameworks";
				PRODUCT_BUNDLE_IDENTIFIER = romanSubrychak.MyHood;
				PRODUCT_NAME = "$(TARGET_NAME)";
				SWIFT_VERSION = 4.0;
				TARGETED_DEVICE_FAMILY = "1,2";
			};
			name = Debug;
		};
		945C81C11FEFFEDC006B45A3 /* Release */ = {
			isa = XCBuildConfiguration;
			buildSettings = {
				ASSETCATALOG_COMPILER_APPICON_NAME = AppIcon;
				CODE_SIGN_STYLE = Automatic;
				DEVELOPMENT_TEAM = 238S5T6M6S;
				INFOPLIST_FILE = MyHood/Info.plist;
				LD_RUNPATH_SEARCH_PATHS = "$(inherited) @executable_path/Frameworks";
				PRODUCT_BUNDLE_IDENTIFIER = romanSubrychak.MyHood;
				PRODUCT_NAME = "$(TARGET_NAME)";
				SWIFT_VERSION = 4.0;
				TARGETED_DEVICE_FAMILY = "1,2";
			};
			name = Release;
		};
/* End XCBuildConfiguration section */

/* Begin XCConfigurationList section */
		945C81A81FEFFEDC006B45A3 /* Build configuration list for PBXProject "MyHood" */ = {
			isa = XCConfigurationList;
			buildConfigurations = (
				945C81BD1FEFFEDC006B45A3 /* Debug */,
				945C81BE1FEFFEDC006B45A3 /* Release */,
			);
			defaultConfigurationIsVisible = 0;
			defaultConfigurationName = Release;
		};
		945C81BF1FEFFEDC006B45A3 /* Build configuration list for PBXNativeTarget "MyHood" */ = {
			isa = XCConfigurationList;
			buildConfigurations = (
				945C81C01FEFFEDC006B45A3 /* Debug */,
				945C81C11FEFFEDC006B45A3 /* Release */,
			);
			defaultConfigurationIsVisible = 0;
			defaultConfigurationName = Release;
		};
/* End XCConfigurationList section */
	};
	rootObject = 945C81A51FEFFEDC006B45A3 /* Project object */;
}
